{
  "lockfile_version": "1",
  "packages": {
    "gitflow@1.12": {
      "last_modified": "2025-07-13T22:45:35Z",
      "resolved": "github:NixOS/nixpkgs/a421ac6595024edcfbb1ef950a3712b89161c359#gitflow",
      "source": "devbox-search",
      "version": "1.12.3",
      "systems": {
        "aarch64-darwin": {
          "outputs": [
            {
              "name": "out",
              "path": "/nix/store/fhvgc2n5nh2vd9kybwvvpv94zrkxv6zj-gitflow-1.12.3",
              "default": true
            }
          ],
          "store_path": "/nix/store/fhvgc2n5nh2vd9kybwvvpv94zrkxv6zj-gitflow-1.12.3"
        },
        "aarch64-linux": {
          "outputs": [
            {
              "name": "out",
              "path": "/nix/store/99w2nrk5vlcdmn5bcxglsr87ssl3xp5v-gitflow-1.12.3",
              "default": true
            }
          ],
          "store_path": "/nix/store/99w2nrk5vlcdmn5bcxglsr87ssl3xp5v-gitflow-1.12.3"
        },
        "x86_64-darwin": {
          "outputs": [
            {
              "name": "out",
              "path": "/nix/store/izpnc0v6g5j17s6xkq1m3x3h0k0c1hz1-gitflow-1.12.3",
              "default": true
            }
          ],
          "store_path": "/nix/store/izpnc0v6g5j17s6xkq1m3x3h0k0c1hz1-gitflow-1.12.3"
        },
        "x86_64-linux": {
          "outputs": [
            {
              "name": "out",
              "path": "/nix/store/w76wy7a56j4y67b4i1x1q3vglhgv0b4r-gitflow-1.12.3",
              "default": true
            }
          ],
          "store_path": "/nix/store/w76wy7a56j4y67b4i1x1q3vglhgv0b4r-gitflow-1.12.3"
        }
      }
    },
    "github:NixOS/nixpkgs/nixpkgs-unstable": {
      "last_modified": "2025-07-28T17:09:23Z",
      "resolved": "github:NixOS/nixpkgs/648f70160c03151bc2121d179291337ad6bc564b?lastModified=1753722563&narHash=sha256-FK8iq76wlacriq3u0kFCehsRYTAqjA9nfprpiSWRWIc%3D"
    },
    "go-task@3.44": {
      "last_modified": "2025-07-13T22:45:35Z",
      "resolved": "github:NixOS/nixpkgs/a421ac6595024edcfbb1ef950a3712b89161c359#go-task",
      "source": "devbox-search",
      "version": "3.44.0",
      "systems": {
        "aarch64-darwin": {
          "outputs": [
            {
              "name": "out",
              "path": "/nix/store/xf4c3z2n3g8j41bh9s0l2pjv4fahdmab-go-task-3.44.0",
              "default": true
            }
          ],
          "store_path": "/nix/store/xf4c3z2n3g8j41bh9s0l2pjv4fahdmab-go-task-3.44.0"
        },
        "aarch64-linux": {
          "outputs": [
            {
              "name": "out",
              "path": "/nix/store/hziv622f7xw9swigq3ylw1lj49dgr4d2-go-task-3.44.0",
              "default": true
            }
          ],
          "store_path": "/nix/store/hziv622f7xw9swigq3ylw1lj49dgr4d2-go-task-3.44.0"
        },
        "x86_64-darwin": {
          "outputs": [
            {
              "name": "out",
              "path": "/nix/store/aafqxhbxvy73v1gpwnnc8bs5icm6nlcg-go-task-3.44.0",
              "default": true
            }
          ],
          "store_path": "/nix/store/aafqxhbxvy73v1gpwnnc8bs5icm6nlcg-go-task-3.44.0"
        },
        "x86_64-linux": {
          "outputs": [
            {
              "name": "out",
              "path": "/nix/store/yvpnz39r66qr57m41c3dfyc3b7mi8y9i-go-task-3.44.0",
              "default": true
            }
          ],
          "store_path": "/nix/store/yvpnz39r66qr57m41c3dfyc3b7mi8y9i-go-task-3.44.0"
        }
      }
    },
    "httpie@3.2": {
      "last_modified": "2025-07-13T22:45:35Z",
      "resolved": "github:NixOS/nixpkgs/a421ac6595024edcfbb1ef950a3712b89161c359#httpie",
      "source": "devbox-search",
      "version": "3.2.4",
      "systems": {
        "aarch64-darwin": {
          "outputs": [
            {
              "name": "out",
              "path": "/nix/store/arby8djv17g9hzjr4il2rwygjr7g59li-python3.13-httpie-3.2.4",
              "default": true
            },
            {
              "name": "dist",
              "path": "/nix/store/lva1ll0jya79gb6ddcpmkfcj5kpk71ak-python3.13-httpie-3.2.4-dist"
            }
          ],
          "store_path": "/nix/store/arby8djv17g9hzjr4il2rwygjr7g59li-python3.13-httpie-3.2.4"
        },
        "aarch64-linux": {
          "outputs": [
            {
              "name": "out",
              "path": "/nix/store/4z0isj6l2j7drr16crzz12yak166qd67-python3.13-httpie-3.2.4",
              "default": true
            },
            {
              "name": "dist",
              "path": "/nix/store/n1dry9d87ncrlk915lkalka4laqrsav5-python3.13-httpie-3.2.4-dist"
            }
          ],
          "store_path": "/nix/store/4z0isj6l2j7drr16crzz12yak166qd67-python3.13-httpie-3.2.4"
        },
        "x86_64-darwin": {
          "outputs": [
            {
              "name": "out",
              "path": "/nix/store/lsq15h8f6jcmnkik5rx7zlc23i5hv3dh-python3.13-httpie-3.2.4",
              "default": true
            },
            {
              "name": "dist",
              "path": "/nix/store/y7rm3xi07i5f9mrw90fw6kwk7m2yd6qa-python3.13-httpie-3.2.4-dist"
            }
          ],
          "store_path": "/nix/store/lsq15h8f6jcmnkik5rx7zlc23i5hv3dh-python3.13-httpie-3.2.4"
        },
        "x86_64-linux": {
          "outputs": [
            {
              "name": "out",
              "path": "/nix/store/q5lc0ngm8bql48irvdfw51l3gyik7np9-python3.13-httpie-3.2.4",
              "default": true
            },
            {
              "name": "dist",
              "path": "/nix/store/b7pgzhhhmi8slz2akb5r75cc3vf0hk6c-python3.13-httpie-3.2.4-dist"
            }
          ],
          "store_path": "/nix/store/q5lc0ngm8bql48irvdfw51l3gyik7np9-python3.13-httpie-3.2.4"
        }
      }
    },
    "poetry@2.1": {
      "last_modified": "2025-07-17T10:11:59Z",
      "plugin_version": "0.0.4",
      "resolved": "github:NixOS/nixpkgs/fa0ef8a6bb1651aa26c939aeb51b5f499e86b0ec#poetry",
      "source": "devbox-search",
      "version": "2.1.3",
      "systems": {
        "aarch64-darwin": {
          "outputs": [
            {
              "name": "out",
              "path": "/nix/store/pnp8sxd8nhnkms5k8shy02ylvb06prjn-python3.13-poetry-2.1.3",
              "default": true
            },
            {
              "name": "dist",
              "path": "/nix/store/xac5q3c552fh7hw7h3hrw73yqvc8vr8g-python3.13-poetry-2.1.3-dist"
            }
          ],
          "store_path": "/nix/store/pnp8sxd8nhnkms5k8shy02ylvb06prjn-python3.13-poetry-2.1.3"
        },
        "aarch64-linux": {
          "outputs": [
            {
              "name": "out",
              "path": "/nix/store/djkvbgm4x8dxicmdin3lifvlxpnvlmn7-python3.13-poetry-2.1.3",
              "default": true
            },
            {
              "name": "dist",
              "path": "/nix/store/c8siygc9s572lpz1ys7wv20bkzi1rnqb-python3.13-poetry-2.1.3-dist"
            }
          ],
          "store_path": "/nix/store/djkvbgm4x8dxicmdin3lifvlxpnvlmn7-python3.13-poetry-2.1.3"
        },
        "x86_64-darwin": {
          "outputs": [
            {
              "name": "out",
              "path": "/nix/store/3dn5r4j8xsnxnb3vjs6gfsclp6sia4f3-python3.13-poetry-2.1.3",
              "default": true
            },
            {
              "name": "dist",
              "path": "/nix/store/pimv85ra7l7sv1f52w0d4km6i7sgax03-python3.13-poetry-2.1.3-dist"
            }
          ],
          "store_path": "/nix/store/3dn5r4j8xsnxnb3vjs6gfsclp6sia4f3-python3.13-poetry-2.1.3"
        },
        "x86_64-linux": {
          "outputs": [
            {
              "name": "out",
              "path": "/nix/store/f20v6y7pndsvj6bqpck98kbr3ajj0wjc-python3.13-poetry-2.1.3",
              "default": true
            },
            {
              "name": "dist",
              "path": "/nix/store/52rdwhvvxg0gav6d6hl64mmip5lqrh5d-python3.13-poetry-2.1.3-dist"
            }
          ],
          "store_path": "/nix/store/f20v6y7pndsvj6bqpck98kbr3ajj0wjc-python3.13-poetry-2.1.3"
        }
      }
    },
    "pre-commit@4.2": {
      "last_modified": "2025-07-20T07:42:04Z",
      "resolved": "github:NixOS/nixpkgs/7c688a0875df5a8c28a53fb55ae45e94eae0dddb#pre-commit",
      "source": "devbox-search",
      "version": "4.2.0",
      "systems": {
        "aarch64-darwin": {
          "outputs": [
            {
              "name": "out",
              "path": "/nix/store/ws5gddr7k95gkassxqii57n2z7nb2n8s-pre-commit-4.2.0",
              "default": true
            },
            {
              "name": "dist",
              "path": "/nix/store/dmyymvjb222shiglwnhs9xkwgjrarnr1-pre-commit-4.2.0-dist"
            }
          ],
          "store_path": "/nix/store/ws5gddr7k95gkassxqii57n2z7nb2n8s-pre-commit-4.2.0"
        },
        "aarch64-linux": {
          "outputs": [
            {
              "name": "out",
              "path": "/nix/store/mdxaw01j2f6gwavi1wipwk36mnyz2k3c-pre-commit-4.2.0",
              "default": true
            },
            {
              "name": "dist",
              "path": "/nix/store/8705231q4p23javhmlj5rnnsipalf8r3-pre-commit-4.2.0-dist"
            }
          ],
          "store_path": "/nix/store/mdxaw01j2f6gwavi1wipwk36mnyz2k3c-pre-commit-4.2.0"
        },
        "x86_64-darwin": {
          "outputs": [
            {
              "name": "out",
              "path": "/nix/store/clq5v65b4klg8d7by3wdm0ipq280q4z0-pre-commit-4.2.0",
              "default": true
            },
            {
              "name": "dist",
              "path": "/nix/store/50dn6gmz2gx7nv29if8qxw5ck5wli9xm-pre-commit-4.2.0-dist"
            }
          ],
          "store_path": "/nix/store/clq5v65b4klg8d7by3wdm0ipq280q4z0-pre-commit-4.2.0"
        },
        "x86_64-linux": {
          "outputs": [
            {
              "name": "out",
              "path": "/nix/store/p7sqampmkig5c427vmsr2db6s5b3f23j-pre-commit-4.2.0",
              "default": true
            },
            {
              "name": "dist",
              "path": "/nix/store/p5sif6jyhp80qhghk6yjr66xjbpvvgg5-pre-commit-4.2.0-dist"
            }
          ],
          "store_path": "/nix/store/p7sqampmkig5c427vmsr2db6s5b3f23j-pre-commit-4.2.0"
        }
      }
    },
    "python@3.13": {
      "last_modified": "2025-05-16T20:19:48Z",
      "plugin_version": "0.0.4",
      "resolved": "github:NixOS/nixpkgs/12a55407652e04dcf2309436eb06fef0d3713ef3#python313",
      "source": "devbox-search",
      "version": "3.13.3",
      "systems": {
        "aarch64-darwin": {
          "outputs": [
            {
              "name": "out",
              "path": "/nix/store/1a8xg8l3m67hxinxzzcsak9736qm9vsf-python3-3.13.3",
              "default": true
            }
          ],
          "store_path": "/nix/store/1a8xg8l3m67hxinxzzcsak9736qm9vsf-python3-3.13.3"
        },
        "aarch64-linux": {
          "outputs": [
            {
              "name": "out",
              "path": "/nix/store/yy0xvc2rydhrs0h1v8d7r3sql347xzz5-python3-3.13.3",
              "default": true
            },
            {
              "name": "debug",
              "path": "/nix/store/42bxfqfrh8cwspl7szr0cw8739xv8qlq-python3-3.13.3-debug"
            }
          ],
          "store_path": "/nix/store/yy0xvc2rydhrs0h1v8d7r3sql347xzz5-python3-3.13.3"
        },
        "x86_64-darwin": {
          "outputs": [
            {
              "name": "out",
              "path": "/nix/store/gbrigjhghz9v2p0zf9b2fnvs0g0yx7q4-python3-3.13.3",
              "default": true
            }
          ],
          "store_path": "/nix/store/gbrigjhghz9v2p0zf9b2fnvs0g0yx7q4-python3-3.13.3"
        },
        "x86_64-linux": {
          "outputs": [
            {
              "name": "out",
              "path": "/nix/store/2mab9iiwhcqwk75qwvp3zv0bvbiaq6cs-python3-3.13.3",
              "default": true
            },
            {
              "name": "debug",
              "path": "/nix/store/9z6k8ijl2md0y2n95yprbjj4vxbfsi15-python3-3.13.3-debug"
            }
          ],
          "store_path": "/nix/store/2mab9iiwhcqwk75qwvp3zv0bvbiaq6cs-python3-3.13.3"
        }
      }
    }
  }
}
